Microsoft Visual Studio Solution File, Format Version 12.00
# Visual Studio Express 2013 for Windows Desktop
VisualStudioVersion = 12.0.31101.0
MinimumVisualStudioVersion = 10.0.40219.1
Project("{FAE04EC0-301F-11D3-BF4B-00C04F79EFBC}") = "AlbiruniWpf", "Wpf\AlbiruniWpf.csproj", "{48D52F99-F082-4C49-9D2F-B5AFA1642257}"
EndProject
Project("{2150E333-8FDC-42A3-9474-1A3956D46DE8}") = "External", "External", "{0DECF664-ABDC-41A5-B70E-0F1D714F02CE}"
EndProject
Project("{2150E333-8FDC-42A3-9474-1A3956D46DE8}") = "Abnaki", "Abnaki", "{392AD13C-BEBF-4929-8299-B48F56778BED}"
EndProject
Project("{FAE04EC0-301F-11D3-BF4B-00C04F79EFBC}") = "Commonality", "..\windows\Library\Commonality\Commonality.csproj", "{2C290AF1-DE15-4B75-8774-C4196F1E213D}"
EndProject
Project("{2150E333-8FDC-42A3-9474-1A3956D46DE8}") = "Windows", "Windows", "{FB2A540B-96A6-434C-8C77-0B331333DEE4}"
EndProject
Project("{FAE04EC0-301F-11D3-BF4B-00C04F79EFBC}") = "WpfApplication", "..\windows\Library\Software\WpfApplication\WpfApplication.csproj", "{3D6F0FBC-FCBB-4EA2-A139-CF0C86604CF4}"
EndProject
Project("{FAE04EC0-301F-11D3-BF4B-00C04F79EFBC}") = "Basis", "Basis\Basis.csproj", "{E29D1521-0F4E-49F7-8C4D-CD2753A24AA6}"
EndProject
Project("{2150E333-8FDC-42A3-9474-1A3956D46DE8}") = "Tests", "Tests", "{46DD0C71-8F8F-47A8-953D-90315E5125C1}"
EndProject
Project("{FAE04EC0-301F-11D3-BF4B-00C04F79EFBC}") = "ProviderTest1", "Tests\ProviderTest1\ProviderTest1.csproj", "{EBD4B6F8-505E-44E1-87B6-305588444E0F}"
EndProject
Project("{FAE04EC0-301F-11D3-BF4B-00C04F79EFBC}") = "WpfPreferredControls", "..\windows\Library\Software\WpfPreferredControls\WpfPreferredControls.csproj", "{C3C851A0-99CC-4295-B4F6-5085CFD5FD83}"
EndProject
Project("{FAE04EC0-301F-11D3-BF4B-00C04F79EFBC}") = "MapTest1", "Tests\MapTest1\MapTest1.csproj", "{3EB857DE-EA66-4FAD-A276-0BF59D9683B1}"
EndProject
Project("{FAE04EC0-301F-11D3-BF4B-00C04F79EFBC}") = "WpfBasis", "..\windows\Library\Software\WpfBasis\WpfBasis.csproj", "{4B21D9F8-3EAF-4C29-AE6A-8C73C99393EC}"
EndProject
Project("{2150E333-8FDC-42A3-9474-1A3956D46DE8}") = "Forks", "Forks", "{DCC94747-AE51-45E0-B8F0-32F1C3807867}"
EndProject
Project("{FAE04EC0-301F-11D3-BF4B-00C04F79EFBC}") = "photo.exif", "..\forks\photo\src\photo.exif\photo.exif.csproj", "{13800742-9FFF-4ED1-8D5D-259EC188BD6B}"
EndProject
Project("{2150E333-8FDC-42A3-9474-1A3956D46DE8}") = "Build", "Build", "{0E2A32A5-A4C2-4E2C-99A1-37242C3ABDA5}"
	ProjectSection(SolutionItems) = preProject
		Build\release.csh = Build\release.csh
	EndProjectSection
EndProject
Project("{2150E333-8FDC-42A3-9474-1A3956D46DE8}") = "Build", "Build", "{3F388577-8367-492F-9A52-964C5A85A284}"
	ProjectSection(SolutionItems) = preProject
		..\windows\Build\release.csh = ..\windows\Build\release.csh
	EndProjectSection
EndProject
Global
	GlobalSection(SolutionConfigurationPlatforms) = preSolution
		Debug|Any CPU = Debug|Any CPU
		Release|Any CPU = Release|Any CPU
	EndGlobalSection
	GlobalSection(ProjectConfigurationPlatforms) = postSolution
		{48D52F99-F082-4C49-9D2F-B5AFA1642257}.Debug|Any CPU.ActiveCfg = Debug|Any CPU
		{48D52F99-F082-4C49-9D2F-B5AFA1642257}.Debug|Any CPU.Build.0 = Debug|Any CPU
		{48D52F99-F082-4C49-9D2F-B5AFA1642257}.Release|Any CPU.ActiveCfg = Release|Any CPU
		{48D52F99-F082-4C49-9D2F-B5AFA1642257}.Release|Any CPU.Build.0 = Release|Any CPU
		{2C290AF1-DE15-4B75-8774-C4196F1E213D}.Debug|Any CPU.ActiveCfg = Debug|Any CPU
		{2C290AF1-DE15-4B75-8774-C4196F1E213D}.Debug|Any CPU.Build.0 = Debug|Any CPU
		{2C290AF1-DE15-4B75-8774-C4196F1E213D}.Release|Any CPU.ActiveCfg = Release|Any CPU
		{2C290AF1-DE15-4B75-8774-C4196F1E213D}.Release|Any CPU.Build.0 = Release|Any CPU
		{3D6F0FBC-FCBB-4EA2-A139-CF0C86604CF4}.Debug|Any CPU.ActiveCfg = Debug|Any CPU
		{3D6F0FBC-FCBB-4EA2-A139-CF0C86604CF4}.Debug|Any CPU.Build.0 = Debug|Any CPU
		{3D6F0FBC-FCBB-4EA2-A139-CF0C86604CF4}.Release|Any CPU.ActiveCfg = Release|Any CPU
		{3D6F0FBC-FCBB-4EA2-A139-CF0C86604CF4}.Release|Any CPU.Build.0 = Release|Any CPU
		{E29D1521-0F4E-49F7-8C4D-CD2753A24AA6}.Debug|Any CPU.ActiveCfg = Debug|Any CPU
		{E29D1521-0F4E-49F7-8C4D-CD2753A24AA6}.Debug|Any CPU.Build.0 = Debug|Any CPU
		{E29D1521-0F4E-49F7-8C4D-CD2753A24AA6}.Release|Any CPU.ActiveCfg = Release|Any CPU
		{E29D1521-0F4E-49F7-8C4D-CD2753A24AA6}.Release|Any CPU.Build.0 = Release|Any CPU
		{EBD4B6F8-505E-44E1-87B6-305588444E0F}.Debug|Any CPU.ActiveCfg = Debug|Any CPU
		{EBD4B6F8-505E-44E1-87B6-305588444E0F}.Debug|Any CPU.Build.0 = Debug|Any CPU
		{EBD4B6F8-505E-44E1-87B6-305588444E0F}.Release|Any CPU.ActiveCfg = Release|Any CPU
		{EBD4B6F8-505E-44E1-87B6-305588444E0F}.Release|Any CPU.Build.0 = Release|Any CPU
		{C3C851A0-99CC-4295-B4F6-5085CFD5FD83}.Debug|Any CPU.ActiveCfg = Debug|Any CPU
		{C3C851A0-99CC-4295-B4F6-5085CFD5FD83}.Debug|Any CPU.Build.0 = Debug|Any CPU
		{C3C851A0-99CC-4295-B4F6-5085CFD5FD83}.Release|Any CPU.ActiveCfg = Release|Any CPU
		{C3C851A0-99CC-4295-B4F6-5085CFD5FD83}.Release|Any CPU.Build.0 = Release|Any CPU
		{3EB857DE-EA66-4FAD-A276-0BF59D9683B1}.Debug|Any CPU.ActiveCfg = Debug|Any CPU
		{3EB857DE-EA66-4FAD-A276-0BF59D9683B1}.Debug|Any CPU.Build.0 = Debug|Any CPU
		{3EB857DE-EA66-4FAD-A276-0BF59D9683B1}.Release|Any CPU.ActiveCfg = Release|Any CPU
		{3EB857DE-EA66-4FAD-A276-0BF59D9683B1}.Release|Any CPU.Build.0 = Release|Any CPU
		{4B21D9F8-3EAF-4C29-AE6A-8C73C99393EC}.Debug|Any CPU.ActiveCfg = Debug|Any CPU
		{4B21D9F8-3EAF-4C29-AE6A-8C73C99393EC}.Debug|Any CPU.Build.0 = Debug|Any CPU
		{4B21D9F8-3EAF-4C29-AE6A-8C73C99393EC}.Release|Any CPU.ActiveCfg = Release|Any CPU
		{4B21D9F8-3EAF-4C29-AE6A-8C73C99393EC}.Release|Any CPU.Build.0 = Release|Any CPU
		{13800742-9FFF-4ED1-8D5D-259EC188BD6B}.Debug|Any CPU.ActiveCfg = Debug|Any CPU
		{13800742-9FFF-4ED1-8D5D-259EC188BD6B}.Debug|Any CPU.Build.0 = Debug|Any CPU
		{13800742-9FFF-4ED1-8D5D-259EC188BD6B}.Release|Any CPU.ActiveCfg = Release|Any CPU
		{13800742-9FFF-4ED1-8D5D-259EC188BD6B}.Release|Any CPU.Build.0 = Release|Any CPU
	EndGlobalSection
	GlobalSection(SolutionProperties) = preSolution
		HideSolutionNode = FALSE
	EndGlobalSection
	GlobalSection(NestedProjects) = preSolution
		{392AD13C-BEBF-4929-8299-B48F56778BED} = {0DECF664-ABDC-41A5-B70E-0F1D714F02CE}
		{2C290AF1-DE15-4B75-8774-C4196F1E213D} = {FB2A540B-96A6-434C-8C77-0B331333DEE4}
		{FB2A540B-96A6-434C-8C77-0B331333DEE4} = {392AD13C-BEBF-4929-8299-B48F56778BED}
		{3D6F0FBC-FCBB-4EA2-A139-CF0C86604CF4} = {FB2A540B-96A6-434C-8C77-0B331333DEE4}
		{EBD4B6F8-505E-44E1-87B6-305588444E0F} = {46DD0C71-8F8F-47A8-953D-90315E5125C1}
		{C3C851A0-99CC-4295-B4F6-5085CFD5FD83} = {FB2A540B-96A6-434C-8C77-0B331333DEE4}
		{3EB857DE-EA66-4FAD-A276-0BF59D9683B1} = {46DD0C71-8F8F-47A8-953D-90315E5125C1}
		{4B21D9F8-3EAF-4C29-AE6A-8C73C99393EC} = {FB2A540B-96A6-434C-8C77-0B331333DEE4}
		{DCC94747-AE51-45E0-B8F0-32F1C3807867} = {392AD13C-BEBF-4929-8299-B48F56778BED}
		{13800742-9FFF-4ED1-8D5D-259EC188BD6B} = {DCC94747-AE51-45E0-B8F0-32F1C3807867}
		{3F388577-8367-492F-9A52-964C5A85A284} = {FB2A540B-96A6-434C-8C77-0B331333DEE4}
	EndGlobalSection
EndGlobal
